{
  "name": "Jo_Malone",
  "lockfileVersion": 3,
  "requires": true,
  "packages": {
    "": {
      "dependencies": {
        "swiper": "^12.1.3"
      }
    },
    "node_modules/swiper": {
      "version": "12.1.3",
      "resolved": "https://registry.npmjs.org/swiper/-/swiper-12.1.3.tgz",
      "integrity": "sha512-XcWlVmkHFICI4fuoJKgbp8PscDcS4i7pBH8nwJRBi3dpQvhCySwsWRYm4bOf/BzKVWkHOYaFw7qz9uBSrY3oug==",
      "funding": [
        {
          "type": "patreon",
          "url": "https://www.patreon.com/swiperjs"
        },
        {
          "type": "open_collective",
          "url": "http://opencollective.com/swiper"
        }
      ],
      "license": "MIT",
      "engines": {
        "node": ">= 4.7.0"
      }
    }
  }
}
